
Microsoft Visual Studio Solution File, Format Version 12.00
# Visual Studio Version 17
VisualStudioVersion = 17.6.33712.159
MinimumVisualStudioVersion = 10.0.40219.1
Project("{FAE04EC0-301F-11D3-BF4B-00C04F79EFBC}") = "Fields example", "Fields example\Fields example.csproj", "{F27CC3EC-6B7B-4C16-A3D4-C7804113EC56}"
EndProject
Project("{FAE04EC0-301F-11D3-BF4B-00C04F79EFBC}") = "ClassLibrary1", "ClassLibrary1\ClassLibrary1.csproj", "{1FBD0796-0E8E-41DC-BBEE-80AD93A22ECF}"
EndProject
Global
	GlobalSection(SolutionConfigurationPlatforms) = preSolution
		Debug|Any CPU = Debug|Any CPU
		Release|Any CPU = Release|Any CPU
	EndGlobalSection
	GlobalSection(ProjectConfigurationPlatforms) = postSolution
		{F27CC3EC-6B7B-4C16-A3D4-C7804113EC56}.Debug|Any CPU.ActiveCfg = Debug|Any CPU
		{F27CC3EC-6B7B-4C16-A3D4-C7804113EC56}.Debug|Any CPU.Build.0 = Debug|Any CPU
		{F27CC3EC-6B7B-4C16-A3D4-C7804113EC56}.Release|Any CPU.ActiveCfg = Release|Any CPU
		{F27CC3EC-6B7B-4C16-A3D4-C7804113EC56}.Release|Any CPU.Build.0 = Release|Any CPU
		{1FBD0796-0E8E-41DC-BBEE-80AD93A22ECF}.Debug|Any CPU.ActiveCfg = Debug|Any CPU
		{1FBD0796-0E8E-41DC-BBEE-80AD93A22ECF}.Debug|Any CPU.Build.0 = Debug|Any CPU
		{1FBD0796-0E8E-41DC-BBEE-80AD93A22ECF}.Release|Any CPU.ActiveCfg = Release|Any CPU
		{1FBD0796-0E8E-41DC-BBEE-80AD93A22ECF}.Release|Any CPU.Build.0 = Release|Any CPU
	EndGlobalSection
	GlobalSection(SolutionProperties) = preSolution
		HideSolutionNode = FALSE
	EndGlobalSection
	GlobalSection(ExtensibilityGlobals) = postSolution
		SolutionGuid = {B780B217-211B-461B-8BEB-278F7DD5C771}
	EndGlobalSection
EndGlobal
